
Microsoft Visual Studio Solution File, Format Version 12.00
# Visual Studio Version 17
VisualStudioVersion = 17.14.36408.4
MinimumVisualStudioVersion = 10.0.40219.1
Project("{FAE04EC0-301F-11D3-BF4B-00C04F79EFBC}") = "Api", "Api\Api.csproj", "{E900F775-8F31-4C6D-B4ED-CC0324035099}"
EndProject
Project("{FAE04EC0-301F-11D3-BF4B-00C04F79EFBC}") = "Application", "Application\Application.csproj", "{CA7472D0-DE8F-429C-B68E-5C871E209387}"
EndProject
Project("{FAE04EC0-301F-11D3-BF4B-00C04F79EFBC}") = "Infrastructure", "Infrastructure\Infrastructure.csproj", "{13C710BD-C6E2-488C-B205-2A8A5CA68823}"
EndProject
Project("{FAE04EC0-301F-11D3-BF4B-00C04F79EFBC}") = "Domain", "Domain\Domain.csproj", "{3571299F-61E7-4EE7-8305-ECABF2F7991B}"
EndProject
Global
	GlobalSection(SolutionConfigurationPlatforms) = preSolution
		Debug|Any CPU = Debug|Any CPU
		Release|Any CPU = Release|Any CPU
	EndGlobalSection
	GlobalSection(ProjectConfigurationPlatforms) = postSolution
		{E900F775-8F31-4C6D-B4ED-CC0324035099}.Debug|Any CPU.ActiveCfg = Debug|Any CPU
		{E900F775-8F31-4C6D-B4ED-CC0324035099}.Debug|Any CPU.Build.0 = Debug|Any CPU
		{E900F775-8F31-4C6D-B4ED-CC0324035099}.Release|Any CPU.ActiveCfg = Release|Any CPU
		{E900F775-8F31-4C6D-B4ED-CC0324035099}.Release|Any CPU.Build.0 = Release|Any CPU
		{CA7472D0-DE8F-429C-B68E-5C871E209387}.Debug|Any CPU.ActiveCfg = Debug|Any CPU
		{CA7472D0-DE8F-429C-B68E-5C871E209387}.Debug|Any CPU.Build.0 = Debug|Any CPU
		{CA7472D0-DE8F-429C-B68E-5C871E209387}.Release|Any CPU.ActiveCfg = Release|Any CPU
		{CA7472D0-DE8F-429C-B68E-5C871E209387}.Release|Any CPU.Build.0 = Release|Any CPU
		{13C710BD-C6E2-488C-B205-2A8A5CA68823}.Debug|Any CPU.ActiveCfg = Debug|Any CPU
		{13C710BD-C6E2-488C-B205-2A8A5CA68823}.Debug|Any CPU.Build.0 = Debug|Any CPU
		{13C710BD-C6E2-488C-B205-2A8A5CA68823}.Release|Any CPU.ActiveCfg = Release|Any CPU
		{13C710BD-C6E2-488C-B205-2A8A5CA68823}.Release|Any CPU.Build.0 = Release|Any CPU
		{3571299F-61E7-4EE7-8305-ECABF2F7991B}.Debug|Any CPU.ActiveCfg = Debug|Any CPU
		{3571299F-61E7-4EE7-8305-ECABF2F7991B}.Debug|Any CPU.Build.0 = Debug|Any CPU
		{3571299F-61E7-4EE7-8305-ECABF2F7991B}.Release|Any CPU.ActiveCfg = Release|Any CPU
		{3571299F-61E7-4EE7-8305-ECABF2F7991B}.Release|Any CPU.Build.0 = Release|Any CPU
	EndGlobalSection
	GlobalSection(SolutionProperties) = preSolution
		HideSolutionNode = FALSE
	EndGlobalSection
	GlobalSection(ExtensibilityGlobals) = postSolution
		SolutionGuid = {003052B9-7A67-4FE1-AD48-10E7A107D370}
	EndGlobalSection
EndGlobal
