
Microsoft Visual Studio Solution File, Format Version 12.00
# Visual Studio Version 17
VisualStudioVersion = 17.14.36408.4
MinimumVisualStudioVersion = 10.0.40219.1
Project("{FAE04EC0-301F-11D3-BF4B-00C04F79EFBC}") = "ChildrenFairyTaleBackend.Domain", "ChildrenFairyTaleBackend.Logic\ChildrenFairyTaleBackend.Domain.csproj", "{F522F2B1-7970-4CB5-93F4-50402CA2A450}"
EndProject
Project("{FAE04EC0-301F-11D3-BF4B-00C04F79EFBC}") = "ChildrenFairyTaleBackend.Tests", "ChildrenFairyTaleBackend.Tests\ChildrenFairyTaleBackend.Tests.csproj", "{3F431FBA-6611-424D-ACF0-71853402E630}"
EndProject
Global
	GlobalSection(SolutionConfigurationPlatforms) = preSolution
		Debug|Any CPU = Debug|Any CPU
		Release|Any CPU = Release|Any CPU
	EndGlobalSection
	GlobalSection(ProjectConfigurationPlatforms) = postSolution
		{F522F2B1-7970-4CB5-93F4-50402CA2A450}.Debug|Any CPU.ActiveCfg = Debug|Any CPU
		{F522F2B1-7970-4CB5-93F4-50402CA2A450}.Debug|Any CPU.Build.0 = Debug|Any CPU
		{F522F2B1-7970-4CB5-93F4-50402CA2A450}.Release|Any CPU.ActiveCfg = Release|Any CPU
		{F522F2B1-7970-4CB5-93F4-50402CA2A450}.Release|Any CPU.Build.0 = Release|Any CPU
		{3F431FBA-6611-424D-ACF0-71853402E630}.Debug|Any CPU.ActiveCfg = Debug|Any CPU
		{3F431FBA-6611-424D-ACF0-71853402E630}.Debug|Any CPU.Build.0 = Debug|Any CPU
		{3F431FBA-6611-424D-ACF0-71853402E630}.Release|Any CPU.ActiveCfg = Release|Any CPU
		{3F431FBA-6611-424D-ACF0-71853402E630}.Release|Any CPU.Build.0 = Release|Any CPU
	EndGlobalSection
	GlobalSection(SolutionProperties) = preSolution
		HideSolutionNode = FALSE
	EndGlobalSection
	GlobalSection(ExtensibilityGlobals) = postSolution
		SolutionGuid = {003052B9-7A67-4FE1-AD48-10E7A107D370}
	EndGlobalSection
EndGlobal
